<?xml version="1.0" encoding="utf-8"?>
<Project ToolsVersion="4.0" xmlns="http://schemas.microsoft.com/developer/msbuild/2003">
  <ItemGroup>
    <Filter Include="Boids">
      <UniqueIdentifier>{4d2c2998-13e6-4c4c-8721-2d5545461391}</UniqueIdentifier>
    </Filter>
    <Filter Include="Boids\Rules">
      <UniqueIdentifier>{c988fb7a-70d7-4059-b65c-541a8c6efa2c}</UniqueIdentifier>
    </Filter>
    <Filter Include="Enums">
      <UniqueIdentifier>{053d9823-32c2-4f8a-ab1f-005ae29598db}</UniqueIdentifier>
    </Filter>
    <Filter Include="Example VBGOs">
      <UniqueIdentifier>{bbfb0d19-cf3f-4626-a128-5378e95b51bc}</UniqueIdentifier>
    </Filter>
    <Filter Include="Managers">
      <UniqueIdentifier>{3052a15d-cd7e-4386-8a8b-ff689611e933}</UniqueIdentifier>
    </Filter>
    <Filter Include="Objects">
      <UniqueIdentifier>{4bce486d-b83b-49ff-bca1-90c765d78ae6}</UniqueIdentifier>
    </Filter>
    <Filter Include="Resources">
      <UniqueIdentifier>{c07a4d6b-2881-485f-a01a-96572ef4a1cd}</UniqueIdentifier>
    </Filter>
    <Filter Include="Structs">
      <UniqueIdentifier>{615ec226-36e4-4f45-83b0-83d681e5c503}</UniqueIdentifier>
    </Filter>
    <Filter Include="Utility">
      <UniqueIdentifier>{36c69b90-1e4b-4b1d-b8b6-98cf5a0abfc4}</UniqueIdentifier>
    </Filter>
  </ItemGroup>
  <ItemGroup>
    <ClInclude Include="InputHandler.h">
      <Filter>Managers</Filter>
    </ClInclude>
    <ClInclude Include="StringUtils.h">
      <Filter>Utility</Filter>
    </ClInclude>
    <ClInclude Include="FileVBGO.h">
      <Filter>Example VBGOs</Filter>
    </ClInclude>
    <ClInclude Include="MarchCubes.h">
      <Filter>Example VBGOs</Filter>
    </ClInclude>
    <ClInclude Include="VBCube.h">
      <Filter>Example VBGOs</Filter>
    </ClInclude>
    <ClInclude Include="VBPillow.h">
      <Filter>Example VBGOs</Filter>
    </ClInclude>
    <ClInclude Include="VBSnail.h">
      <Filter>Example VBGOs</Filter>
    </ClInclude>
    <ClInclude Include="VBSpiked.h">
      <Filter>Example VBGOs</Filter>
    </ClInclude>
    <ClInclude Include="VBspiral.h">
      <Filter>Example VBGOs</Filter>
    </ClInclude>
    <ClInclude Include="GameState.h">
      <Filter>Enums</Filter>
    </ClInclude>
    <ClInclude Include="Camera.h">
      <Filter>Objects</Filter>
    </ClInclude>
    <ClInclude Include="CMOGO.h">
      <Filter>Objects</Filter>
    </ClInclude>
    <ClInclude Include="GameObject.h">
      <Filter>Objects</Filter>
    </ClInclude>
    <ClInclude Include="GameObject2D.h">
      <Filter>Objects</Filter>
    </ClInclude>
    <ClInclude Include="ImageGO2D.h">
      <Filter>Objects</Filter>
    </ClInclude>
    <ClInclude Include="Light.h">
      <Filter>Objects</Filter>
    </ClInclude>
    <ClInclude Include="Player.h">
      <Filter>Objects</Filter>
    </ClInclude>
    <ClInclude Include="Terrain.h">
      <Filter>Objects</Filter>
    </ClInclude>
    <ClInclude Include="TextGO2D.h">
      <Filter>Objects</Filter>
    </ClInclude>
    <ClInclude Include="TPSCamera.h">
      <Filter>Objects</Filter>
    </ClInclude>
    <ClInclude Include="VBGO.h">
      <Filter>Objects</Filter>
    </ClInclude>
    <ClInclude Include="ConstantBuffer.h">
      <Filter>Structs</Filter>
    </ClInclude>
    <ClInclude Include="DrawData.h">
      <Filter>Structs</Filter>
    </ClInclude>
    <ClInclude Include="DrawData2D.h">
      <Filter>Structs</Filter>
    </ClInclude>
    <ClInclude Include="GameData.h">
      <Filter>Structs</Filter>
    </ClInclude>
    <ClInclude Include="Vertex.h">
      <Filter>Structs</Filter>
    </ClInclude>
    <ClInclude Include="Boid.h">
      <Filter>Boids</Filter>
    </ClInclude>
    <ClInclude Include="BoidManager.h">
      <Filter>Boids</Filter>
    </ClInclude>
    <ClInclude Include="CMOManager.h">
      <Filter>Managers</Filter>
    </ClInclude>
    <ClInclude Include="CMOModel.h">
      <Filter>Resources</Filter>
    </ClInclude>
    <ClInclude Include="RandomEngine.h">
      <Filter>Utility</Filter>
    </ClInclude>
    <ClInclude Include="Rule.h">
      <Filter>Boids</Filter>
    </ClInclude>
    <ClInclude Include="Separation.h">
      <Filter>Boids\Rules</Filter>
    </ClInclude>
    <ClInclude Include="Alignment.h">
      <Filter>Boids\Rules</Filter>
    </ClInclude>
    <ClInclude Include="Cohesion.h">
      <Filter>Boids\Rules</Filter>
    </ClInclude>
    <ClInclude Include="Rules.h">
      <Filter>Boids</Filter>
    </ClInclude>
    <ClInclude Include="BoidSettings.h">
      <Filter>Boids</Filter>
    </ClInclude>
    <ClInclude Include="JMath.h">
      <Filter>Utility</Filter>
    </ClInclude>
    <ClInclude Include="SimpleTimer.h">
      <Filter>Utility</Filter>
    </ClInclude>
    <ClInclude Include="TabletopCamera.h">
      <Filter>Objects</Filter>
    </ClInclude>
    <ClInclude Include="Game.h" />
    <ClInclude Include="ObjectList.h" />
    <ClInclude Include="Constants.h" />
    <ClInclude Include="FileUtils.h">
      <Filter>Utility</Filter>
    </ClInclude>
    <ClInclude Include="ParameterisedRule.h">
      <Filter>Boids</Filter>
    </ClInclude>
    <ClInclude Include="TWCallbackFunctions.h">
      <Filter>Utility</Filter>
    </ClInclude>
  </ItemGroup>
  <ItemGroup>
    <ClCompile Include="Alignment.cpp">
      <Filter>Boids\Rules</Filter>
    </ClCompile>
    <ClCompile Include="Cohesion.cpp">
      <Filter>Boids\Rules</Filter>
    </ClCompile>
    <ClCompile Include="Separation.cpp">
      <Filter>Boids\Rules</Filter>
    </ClCompile>
    <ClCompile Include="Boid.cpp">
      <Filter>Boids</Filter>
    </ClCompile>
    <ClCompile Include="BoidManager.cpp">
      <Filter>Boids</Filter>
    </ClCompile>
    <ClCompile Include="FileVBGO.cpp">
      <Filter>Example VBGOs</Filter>
    </ClCompile>
    <ClCompile Include="MarchCubes.cpp">
      <Filter>Example VBGOs</Filter>
    </ClCompile>
    <ClCompile Include="VBCube.cpp">
      <Filter>Example VBGOs</Filter>
    </ClCompile>
    <ClCompile Include="VBSnail.cpp">
      <Filter>Example VBGOs</Filter>
    </ClCompile>
    <ClCompile Include="CMOManager.cpp">
      <Filter>Managers</Filter>
    </ClCompile>
    <ClCompile Include="InputHandler.cpp">
      <Filter>Managers</Filter>
    </ClCompile>
    <ClCompile Include="Camera.cpp">
      <Filter>Objects</Filter>
    </ClCompile>
    <ClCompile Include="CMOGO.cpp">
      <Filter>Objects</Filter>
    </ClCompile>
    <ClCompile Include="GameObject.cpp">
      <Filter>Objects</Filter>
    </ClCompile>
    <ClCompile Include="GameObject2D.cpp">
      <Filter>Objects</Filter>
    </ClCompile>
    <ClCompile Include="ImageGO2D.cpp">
      <Filter>Objects</Filter>
    </ClCompile>
    <ClCompile Include="Light.cpp">
      <Filter>Objects</Filter>
    </ClCompile>
    <ClCompile Include="Player.cpp">
      <Filter>Objects</Filter>
    </ClCompile>
    <ClCompile Include="TabletopCamera.cpp">
      <Filter>Objects</Filter>
    </ClCompile>
    <ClCompile Include="Terrain.cpp">
      <Filter>Objects</Filter>
    </ClCompile>
    <ClCompile Include="TextGO2D.cpp">
      <Filter>Objects</Filter>
    </ClCompile>
    <ClCompile Include="TPSCamera.cpp">
      <Filter>Objects</Filter>
    </ClCompile>
    <ClCompile Include="VBGO.cpp">
      <Filter>Objects</Filter>
    </ClCompile>
    <ClCompile Include="CMOModel.cpp">
      <Filter>Resources</Filter>
    </ClCompile>
    <ClCompile Include="JMath.cpp">
      <Filter>Utility</Filter>
    </ClCompile>
    <ClCompile Include="RandomEngine.cpp">
      <Filter>Utility</Filter>
    </ClCompile>
    <ClCompile Include="SimpleTimer.cpp">
      <Filter>Utility</Filter>
    </ClCompile>
    <ClCompile Include="StringUtils.cpp">
      <Filter>Utility</Filter>
    </ClCompile>
    <ClCompile Include="Game.cpp" />
    <ClCompile Include="FileUtils.cpp">
      <Filter>Utility</Filter>
    </ClCompile>
    <ClCompile Include="ParameterisedRule.cpp">
      <Filter>Boids</Filter>
    </ClCompile>
  </ItemGroup>
</Project>